// !$*UTF8*$!
{
	archiveVersion = 1;
	classes = {
	};
	objectVersion = 50;
	objects = {

/* Begin PBXBuildFile section */
		AC80278223A7AA93004B97DF /* WatchUno.app in Embed Watch Content */ = {isa = PBXBuildFile; fileRef = AC80278123A7AA93004B97DF /* WatchUno.app */; settings = {ATTRIBUTES = (RemoveHeadersOnCopy, ); }; };
		AC80278823A7AA93004B97DF /* Interface.storyboard in Resources */ = {isa = PBXBuildFile; fileRef = AC80278623A7AA93004B97DF /* Interface.storyboard */; };
		AC80278A23A7AA9B004B97DF /* Assets.xcassets in Resources */ = {isa = PBXBuildFile; fileRef = AC80278923A7AA9B004B97DF /* Assets.xcassets */; };
		AC80279123A7AA9B004B97DF /* WatchUno WatchKit Extension.appex in Embed App Extensions */ = {isa = PBXBuildFile; fileRef = AC80279023A7AA9B004B97DF /* WatchUno WatchKit Extension.appex */; settings = {ATTRIBUTES = (RemoveHeadersOnCopy, ); }; };
		AC80279623A7AA9B004B97DF /* InterfaceController.swift in Sources */ = {isa = PBXBuildFile; fileRef = AC80279523A7AA9B004B97DF /* InterfaceController.swift */; };
		AC80279823A7AA9B004B97DF /* ExtensionDelegate.swift in Sources */ = {isa = PBXBuildFile; fileRef = AC80279723A7AA9B004B97DF /* ExtensionDelegate.swift */; };
		AC80279A23A7AA9B004B97DF /* NotificationController.swift in Sources */ = {isa = PBXBuildFile; fileRef = AC80279923A7AA9B004B97DF /* NotificationController.swift */; };
		AC80279C23A7AA9D004B97DF /* Assets.xcassets in Resources */ = {isa = PBXBuildFile; fileRef = AC80279B23A7AA9D004B97DF /* Assets.xcassets */; };
/* End PBXBuildFile section */

/* Begin PBXContainerItemProxy section */
		AC80278323A7AA93004B97DF /* PBXContainerItemProxy */ = {
			isa = PBXContainerItemProxy;
			containerPortal = AC80277723A7AA93004B97DF /* Project object */;
			proxyType = 1;
			remoteGlobalIDString = AC80278023A7AA93004B97DF;
			remoteInfo = "WatchUno WatchKit App";
		};
		AC80279223A7AA9B004B97DF /* PBXContainerItemProxy */ = {
			isa = PBXContainerItemProxy;
			containerPortal = AC80277723A7AA93004B97DF /* Project object */;
			proxyType = 1;
			remoteGlobalIDString = AC80278F23A7AA9B004B97DF;
			remoteInfo = "WatchUno WatchKit Extension";
		};
/* End PBXContainerItemProxy section */

/* Begin PBXCopyFilesBuildPhase section */
		AC8027A423A7AA9D004B97DF /* Embed App Extensions */ = {
			isa = PBXCopyFilesBuildPhase;
			buildActionMask = 2147483647;
			dstPath = "";
			dstSubfolderSpec = 13;
			files = (
				AC80279123A7AA9B004B97DF /* WatchUno WatchKit Extension.appex in Embed App Extensions */,
			);
			name = "Embed App Extensions";
			runOnlyForDeploymentPostprocessing = 0;
		};
		AC8027A823A7AA9D004B97DF /* Embed Watch Content */ = {
			isa = PBXCopyFilesBuildPhase;
			buildActionMask = 2147483647;
			dstPath = "$(CONTENTS_FOLDER_PATH)/Watch";
			dstSubfolderSpec = 16;
			files = (
				AC80278223A7AA93004B97DF /* WatchUno.app in Embed Watch Content */,
			);
			name = "Embed Watch Content";
			runOnlyForDeploymentPostprocessing = 0;
		};
/* End PBXCopyFilesBuildPhase section */

/* Begin PBXFileReference section */
		AC80277D23A7AA93004B97DF /* WatchUno.app */ = {isa = PBXFileReference; explicitFileType = wrapper.application; includeInIndex = 0; path = WatchUno.app; sourceTree = BUILT_PRODUCTS_DIR; };
		AC80278123A7AA93004B97DF /* WatchUno.app */ = {isa = PBXFileReference; explicitFileType = wrapper.application; includeInIndex = 0; path = WatchUno.app; sourceTree = BUILT_PRODUCTS_DIR; };
		AC80278723A7AA93004B97DF /* Base */ = {isa = PBXFileReference; lastKnownFileType = file.storyboard; name = Base; path = Base.lproj/Interface.storyboard; sourceTree = "<group>"; };
		AC80278923A7AA9B004B97DF /* Assets.xcassets */ = {isa = PBXFileReference; lastKnownFileType = folder.assetcatalog; path = Assets.xcassets; sourceTree = "<group>"; };
		AC80278B23A7AA9B004B97DF /* Info.plist */ = {isa = PBXFileReference; lastKnownFileType = text.plist.xml; path = Info.plist; sourceTree = "<group>"; };
		AC80279023A7AA9B004B97DF /* WatchUno WatchKit Extension.appex */ = {isa = PBXFileReference; explicitFileType = "wrapper.app-extension"; includeInIndex = 0; path = "WatchUno WatchKit Extension.appex"; sourceTree = BUILT_PRODUCTS_DIR; };
		AC80279523A7AA9B004B97DF /* InterfaceController.swift */ = {isa = PBXFileReference; lastKnownFileType = sourcecode.swift; path = InterfaceController.swift; sourceTree = "<group>"; };
		AC80279723A7AA9B004B97DF /* ExtensionDelegate.swift */ = {isa = PBXFileReference; lastKnownFileType = sourcecode.swift; path = ExtensionDelegate.swift; sourceTree = "<group>"; };
		AC80279923A7AA9B004B97DF /* NotificationController.swift */ = {isa = PBXFileReference; lastKnownFileType = sourcecode.swift; path = NotificationController.swift; sourceTree = "<group>"; };
		AC80279B23A7AA9D004B97DF /* Assets.xcassets */ = {isa = PBXFileReference; lastKnownFileType = folder.assetcatalog; path = Assets.xcassets; sourceTree = "<group>"; };
		AC80279D23A7AA9D004B97DF /* Info.plist */ = {isa = PBXFileReference; lastKnownFileType = text.plist.xml; path = Info.plist; sourceTree = "<group>"; };
		AC80279E23A7AA9D004B97DF /* PushNotificationPayload.apns */ = {isa = PBXFileReference; lastKnownFileType = text; path = PushNotificationPayload.apns; sourceTree = "<group>"; };
/* End PBXFileReference section */

/* Begin PBXFrameworksBuildPhase section */
		AC80278D23A7AA9B004B97DF /* Frameworks */ = {
			isa = PBXFrameworksBuildPhase;
			buildActionMask = 2147483647;
			files = (
			);
			runOnlyForDeploymentPostprocessing = 0;
		};
/* End PBXFrameworksBuildPhase section */

/* Begin PBXGroup section */
		AC80277623A7AA93004B97DF = {
			isa = PBXGroup;
			children = (
				AC80278523A7AA93004B97DF /* WatchUno WatchKit App */,
				AC80279423A7AA9B004B97DF /* WatchUno WatchKit Extension */,
				AC80277E23A7AA93004B97DF /* Products */,
			);
			sourceTree = "<group>";
		};
		AC80277E23A7AA93004B97DF /* Products */ = {
			isa = PBXGroup;
			children = (
				AC80277D23A7AA93004B97DF /* WatchUno.app */,
				AC80278123A7AA93004B97DF /* WatchUno.app */,
				AC80279023A7AA9B004B97DF /* WatchUno WatchKit Extension.appex */,
			);
			name = Products;
			sourceTree = "<group>";
		};
		AC80278523A7AA93004B97DF /* WatchUno WatchKit App */ = {
			isa = PBXGroup;
			children = (
				AC80278623A7AA93004B97DF /* Interface.storyboard */,
				AC80278923A7AA9B004B97DF /* Assets.xcassets */,
				AC80278B23A7AA9B004B97DF /* Info.plist */,
			);
			path = "WatchUno WatchKit App";
			sourceTree = "<group>";
		};
		AC80279423A7AA9B004B97DF /* WatchUno WatchKit Extension */ = {
			isa = PBXGroup;
			children = (
				AC80279523A7AA9B004B97DF /* InterfaceController.swift */,
				AC80279723A7AA9B004B97DF /* ExtensionDelegate.swift */,
				AC80279923A7AA9B004B97DF /* NotificationController.swift */,
				AC80279B23A7AA9D004B97DF /* Assets.xcassets */,
				AC80279D23A7AA9D004B97DF /* Info.plist */,
				AC80279E23A7AA9D004B97DF /* PushNotificationPayload.apns */,
			);
			path = "WatchUno WatchKit Extension";
			sourceTree = "<group>";
		};
/* End PBXGroup section */

/* Begin PBXNativeTarget section */
		AC80277C23A7AA93004B97DF /* WatchUno */ = {
			isa = PBXNativeTarget;
			buildConfigurationList = AC8027A923A7AA9D004B97DF /* Build configuration list for PBXNativeTarget "WatchUno" */;
			buildPhases = (
				AC80277B23A7AA93004B97DF /* Resources */,
				AC8027A823A7AA9D004B97DF /* Embed Watch Content */,
			);
			buildRules = (
			);
			dependencies = (
				AC80278423A7AA93004B97DF /* PBXTargetDependency */,
			);
			name = WatchUno;
			productName = WatchUno;
			productReference = AC80277D23A7AA93004B97DF /* WatchUno.app */;
			productType = "com.apple.product-type.application.watchapp2-container";
		};
		AC80278023A7AA93004B97DF /* WatchUno WatchKit App */ = {
			isa = PBXNativeTarget;
			buildConfigurationList = AC8027A523A7AA9D004B97DF /* Build configuration list for PBXNativeTarget "WatchUno WatchKit App" */;
			buildPhases = (
				AC80277F23A7AA93004B97DF /* Resources */,
				AC8027A423A7AA9D004B97DF /* Embed App Extensions */,
			);
			buildRules = (
			);
			dependencies = (
				AC80279323A7AA9B004B97DF /* PBXTargetDependency */,
			);
			name = "WatchUno WatchKit App";
			productName = "WatchUno WatchKit App";
			productReference = AC80278123A7AA93004B97DF /* WatchUno.app */;
			productType = "com.apple.product-type.application.watchapp2";
		};
		AC80278F23A7AA9B004B97DF /* WatchUno WatchKit Extension */ = {
			isa = PBXNativeTarget;
			buildConfigurationList = AC8027A123A7AA9D004B97DF /* Build configuration list for PBXNativeTarget "WatchUno WatchKit Extension" */;
			buildPhases = (
				AC80278C23A7AA9B004B97DF /* Sources */,
				AC80278D23A7AA9B004B97DF /* Frameworks */,
				AC80278E23A7AA9B004B97DF /* Resources */,
			);
			buildRules = (
			);
			dependencies = (
			);
			name = "WatchUno WatchKit Extension";
			productName = "WatchUno WatchKit Extension";
			productReference = AC80279023A7AA9B004B97DF /* WatchUno WatchKit Extension.appex */;
			productType = "com.apple.product-type.watchkit2-extension";
		};
/* End PBXNativeTarget section */

/* Begin PBXProject section */
		AC80277723A7AA93004B97DF /* Project object */ = {
			isa = PBXProject;
			attributes = {
				LastSwiftUpdateCheck = 1130;
				LastUpgradeCheck = 1130;
				ORGANIZATIONNAME = "JOSEPH AKINDE-PETERS";
				TargetAttributes = {
					AC80277C23A7AA93004B97DF = {
						CreatedOnToolsVersion = 11.3;
					};
					AC80278023A7AA93004B97DF = {
						CreatedOnToolsVersion = 11.3;
					};
					AC80278F23A7AA9B004B97DF = {
						CreatedOnToolsVersion = 11.3;
					};
				};
			};
			buildConfigurationList = AC80277A23A7AA93004B97DF /* Build configuration list for PBXProject "WatchUno" */;
			compatibilityVersion = "Xcode 9.3";
			developmentRegion = en;
			hasScannedForEncodings = 0;
			knownRegions = (
				en,
				Base,
			);
			mainGroup = AC80277623A7AA93004B97DF;
			productRefGroup = AC80277E23A7AA93004B97DF /* Products */;
			projectDirPath = "";
			projectRoot = "";
			targets = (
				AC80277C23A7AA93004B97DF /* WatchUno */,
				AC80278023A7AA93004B97DF /* WatchUno WatchKit App */,
				AC80278F23A7AA9B004B97DF /* WatchUno WatchKit Extension */,
			);
		};
/* End PBXProject section */

/* Begin PBXResourcesBuildPhase section */
		AC80277B23A7AA93004B97DF /* Resources */ = {
			isa = PBXResourcesBuildPhase;
			buildActionMask = 2147483647;
			files = (
			);
			runOnlyForDeploymentPostprocessing = 0;
		};
		AC80277F23A7AA93004B97DF /* Resources */ = {
			isa = PBXResourcesBuildPhase;
			buildActionMask = 2147483647;
			files = (
				AC80278A23A7AA9B004B97DF /* Assets.xcassets in Resources */,
				AC80278823A7AA93004B97DF /* Interface.storyboard in Resources */,
			);
			runOnlyForDeploymentPostprocessing = 0;
		};
		AC80278E23A7AA9B004B97DF /* Resources */ = {
			isa = PBXResourcesBuildPhase;
			buildActionMask = 2147483647;
			files = (
				AC80279C23A7AA9D004B97DF /* Assets.xcassets in Resources */,
			);
			runOnlyForDeploymentPostprocessing = 0;
		};
/* End PBXResourcesBuildPhase section */

/* Begin PBXSourcesBuildPhase section */
		AC80278C23A7AA9B004B97DF /* Sources */ = {
			isa = PBXSourcesBuildPhase;
			buildActionMask = 2147483647;
			files = (
				AC80279A23A7AA9B004B97DF /* NotificationController.swift in Sources */,
				AC80279823A7AA9B004B97DF /* ExtensionDelegate.swift in Sources */,
				AC80279623A7AA9B004B97DF /* InterfaceController.swift in Sources */,
			);
			runOnlyForDeploymentPostprocessing = 0;
		};
/* End PBXSourcesBuildPhase section */

/* Begin PBXTargetDependency section */
		AC80278423A7AA93004B97DF /* PBXTargetDependency */ = {
			isa = PBXTargetDependency;
			target = AC80278023A7AA93004B97DF /* WatchUno WatchKit App */;
			targetProxy = AC80278323A7AA93004B97DF /* PBXContainerItemProxy */;
		};
		AC80279323A7AA9B004B97DF /* PBXTargetDependency */ = {
			isa = PBXTargetDependency;
			target = AC80278F23A7AA9B004B97DF /* WatchUno WatchKit Extension */;
			targetProxy = AC80279223A7AA9B004B97DF /* PBXContainerItemProxy */;
		};
/* End PBXTargetDependency section */

/* Begin PBXVariantGroup section */
		AC80278623A7AA93004B97DF /* Interface.storyboard */ = {
			isa = PBXVariantGroup;
			children = (
				AC80278723A7AA93004B97DF /* Base */,
			);
			name = Interface.storyboard;
			sourceTree = "<group>";
		};
/* End PBXVariantGroup section */

/* Begin XCBuildConfiguration section */
		AC80279F23A7AA9D004B97DF /* Debug */ = {
			isa = XCBuildConfiguration;
			buildSettings = {
				ALWAYS_SEARCH_USER_PATHS = NO;
				CLANG_ANALYZER_NONNULL = YES;
				CLANG_ANALYZER_NUMBER_OBJECT_CONVERSION = YES_AGGRESSIVE;
				CLANG_CXX_LANGUAGE_STANDARD = "gnu++14";
				CLANG_CXX_LIBRARY = "libc++";
				CLANG_ENABLE_MODULES = YES;
				CLANG_ENABLE_OBJC_ARC = YES;
				CLANG_ENABLE_OBJC_WEAK = YES;
				CLANG_WARN_BLOCK_CAPTURE_AUTORELEASING = YES;
				CLANG_WARN_BOOL_CONVERSION = YES;
				CLANG_WARN_COMMA = YES;
				CLANG_WARN_CONSTANT_CONVERSION = YES;
				CLANG_WARN_DEPRECATED_OBJC_IMPLEMENTATIONS = YES;
				CLANG_WARN_DIRECT_OBJC_ISA_USAGE = YES_ERROR;
				CLANG_WARN_DOCUMENTATION_COMMENTS = YES;
				CLANG_WARN_EMPTY_BODY = YES;
				CLANG_WARN_ENUM_CONVERSION = YES;
				CLANG_WARN_INFINITE_RECURSION = YES;
				CLANG_WARN_INT_CONVERSION = YES;
				CLANG_WARN_NON_LITERAL_NULL_CONVERSION = YES;
				CLANG_WARN_OBJC_IMPLICIT_RETAIN_SELF = YES;
				CLANG_WARN_OBJC_LITERAL_CONVERSION = YES;
				CLANG_WARN_OBJC_ROOT_CLASS = YES_ERROR;
				CLANG_WARN_RANGE_LOOP_ANALYSIS = YES;
				CLANG_WARN_STRICT_PROTOTYPES = YES;
				CLANG_WARN_SUSPICIOUS_MOVE = YES;
				CLANG_WARN_UNGUARDED_AVAILABILITY = YES_AGGRESSIVE;
				CLANG_WARN_UNREACHABLE_CODE = YES;
				CLANG_WARN__DUPLICATE_METHOD_MATCH = YES;
				COPY_PHASE_STRIP = NO;
				DEBUG_INFORMATION_FORMAT = dwarf;
				ENABLE_STRICT_OBJC_MSGSEND = YES;
				ENABLE_TESTABILITY = YES;
				GCC_C_LANGUAGE_STANDARD = gnu11;
				GCC_DYNAMIC_NO_PIC = NO;
				GCC_NO_COMMON_BLOCKS = YES;
				GCC_OPTIMIZATION_LEVEL = 0;
				GCC_PREPROCESSOR_DEFINITIONS = (
					"DEBUG=1",
					"$(inherited)",
				);
				GCC_WARN_64_TO_32_BIT_CONVERSION = YES;
				GCC_WARN_ABOUT_RETURN_TYPE = YES_ERROR;
				GCC_WARN_UNDECLARED_SELECTOR = YES;
				GCC_WARN_UNINITIALIZED_AUTOS = YES_AGGRESSIVE;
				GCC_WARN_UNUSED_FUNCTION = YES;
				GCC_WARN_UNUSED_VARIABLE = YES;
				MTL_ENABLE_DEBUG_INFO = INCLUDE_SOURCE;
				MTL_FAST_MATH = YES;
				ONLY_ACTIVE_ARCH = YES;
				SDKROOT = iphoneos;
				SWIFT_ACTIVE_COMPILATION_CONDITIONS = DEBUG;
				SWIFT_OPTIMIZATION_LEVEL = "-Onone";
			};
			name = Debug;
		};
		AC8027A023A7AA9D004B97DF /* Release */ = {
			isa = XCBuildConfiguration;
			buildSettings = {
				ALWAYS_SEARCH_USER_PATHS = NO;
				CLANG_ANALYZER_NONNULL = YES;
				CLANG_ANALYZER_NUMBER_OBJECT_CONVERSION = YES_AGGRESSIVE;
				CLANG_CXX_LANGUAGE_STANDARD = "gnu++14";
				CLANG_CXX_LIBRARY = "libc++";
				CLANG_ENABLE_MODULES = YES;
				CLANG_ENABLE_OBJC_ARC = YES;
				CLANG_ENABLE_OBJC_WEAK = YES;
				CLANG_WARN_BLOCK_CAPTURE_AUTORELEASING = YES;
				CLANG_WARN_BOOL_CONVERSION = YES;
				CLANG_WARN_COMMA = YES;
				CLANG_WARN_CONSTANT_CONVERSION = YES;
				CLANG_WARN_DEPRECATED_OBJC_IMPLEMENTATIONS = YES;
				CLANG_WARN_DIRECT_OBJC_ISA_USAGE = YES_ERROR;
				CLANG_WARN_DOCUMENTATION_COMMENTS = YES;
				CLANG_WARN_EMPTY_BODY = YES;
				CLANG_WARN_ENUM_CONVERSION = YES;
				CLANG_WARN_INFINITE_RECURSION = YES;
				CLANG_WARN_INT_CONVERSION = YES;
				CLANG_WARN_NON_LITERAL_NULL_CONVERSION = YES;
				CLANG_WARN_OBJC_IMPLICIT_RETAIN_SELF = YES;
				CLANG_WARN_OBJC_LITERAL_CONVERSION = YES;
				CLANG_WARN_OBJC_ROOT_CLASS = YES_ERROR;
				CLANG_WARN_RANGE_LOOP_ANALYSIS = YES;
				CLANG_WARN_STRICT_PROTOTYPES = YES;
				CLANG_WARN_SUSPICIOUS_MOVE = YES;
				CLANG_WARN_UNGUARDED_AVAILABILITY = YES_AGGRESSIVE;
				CLANG_WARN_UNREACHABLE_CODE = YES;
				CLANG_WARN__DUPLICATE_METHOD_MATCH = YES;
				COPY_PHASE_STRIP = NO;
				DEBUG_INFORMATION_FORMAT = "dwarf-with-dsym";
				ENABLE_NS_ASSERTIONS = NO;
				ENABLE_STRICT_OBJC_MSGSEND = YES;
				GCC_C_LANGUAGE_STANDARD = gnu11;
				GCC_NO_COMMON_BLOCKS = YES;
				GCC_WARN_64_TO_32_BIT_CONVERSION = YES;
				GCC_WARN_ABOUT_RETURN_TYPE = YES_ERROR;
				GCC_WARN_UNDECLARED_SELECTOR = YES;
				GCC_WARN_UNINITIALIZED_AUTOS = YES_AGGRESSIVE;
				GCC_WARN_UNUSED_FUNCTION = YES;
				GCC_WARN_UNUSED_VARIABLE = YES;
				MTL_ENABLE_DEBUG_INFO = NO;
				MTL_FAST_MATH = YES;
				SDKROOT = iphoneos;
				SWIFT_COMPILATION_MODE = wholemodule;
				SWIFT_OPTIMIZATION_LEVEL = "-O";
				VALIDATE_PRODUCT = YES;
			};
			name = Release;
		};
		AC8027A223A7AA9D004B97DF /* Debug */ = {
			isa = XCBuildConfiguration;
			buildSettings = {
				ASSETCATALOG_COMPILER_COMPLICATION_NAME = Complication;
				CODE_SIGN_STYLE = Automatic;
				DEVELOPMENT_TEAM = UYMTCS89FV;
				INFOPLIST_FILE = "WatchUno WatchKit Extension/Info.plist";
				LD_RUNPATH_SEARCH_PATHS = (
					"$(inherited)",
					"@executable_path/Frameworks",
					"@executable_path/../../Frameworks",
				);
				PRODUCT_BUNDLE_IDENTIFIER = dev.apjoex.WatchUno.watchkitapp.watchkitextension;
				PRODUCT_NAME = "${TARGET_NAME}";
				SDKROOT = watchos;
				SKIP_INSTALL = YES;
				SWIFT_VERSION = 5.0;
				TARGETED_DEVICE_FAMILY = 4;
				WATCHOS_DEPLOYMENT_TARGET = 6.1;
			};
			name = Debug;
		};
		AC8027A323A7AA9D004B97DF /* Release */ = {
			isa = XCBuildConfiguration;
			buildSettings = {
				ASSETCATALOG_COMPILER_COMPLICATION_NAME = Complication;
				CODE_SIGN_STYLE = Automatic;
				DEVELOPMENT_TEAM = UYMTCS89FV;
				INFOPLIST_FILE = "WatchUno WatchKit Extension/Info.plist";
				LD_RUNPATH_SEARCH_PATHS = (
					"$(inherited)",
					"@executable_path/Frameworks",
					"@executable_path/../../Frameworks",
				);
				PRODUCT_BUNDLE_IDENTIFIER = dev.apjoex.WatchUno.watchkitapp.watchkitextension;
				PRODUCT_NAME = "${TARGET_NAME}";
				SDKROOT = watchos;
				SKIP_INSTALL = YES;
				SWIFT_VERSION = 5.0;
				TARGETED_DEVICE_FAMILY = 4;
				WATCHOS_DEPLOYMENT_TARGET = 6.1;
			};
			name = Release;
		};
		AC8027A623A7AA9D004B97DF /* Debug */ = {
			isa = XCBuildConfiguration;
			buildSettings = {
				ALWAYS_EMBED_SWIFT_STANDARD_LIBRARIES = YES;
				ASSETCATALOG_COMPILER_APPICON_NAME = AppIcon;
				CODE_SIGN_STYLE = Automatic;
				DEVELOPMENT_TEAM = UYMTCS89FV;
				IBSC_MODULE = WatchUno_WatchKit_Extension;
				INFOPLIST_FILE = "WatchUno WatchKit App/Info.plist";
				PRODUCT_BUNDLE_IDENTIFIER = dev.apjoex.WatchUno.watchkitapp;
				PRODUCT_NAME = WatchUno;
				SDKROOT = watchos;
				SKIP_INSTALL = YES;
				SWIFT_VERSION = 5.0;
				TARGETED_DEVICE_FAMILY = 4;
				WATCHOS_DEPLOYMENT_TARGET = 6.1;
			};
			name = Debug;
		};
		AC8027A723A7AA9D004B97DF /* Release */ = {
			isa = XCBuildConfiguration;
			buildSettings = {
				ALWAYS_EMBED_SWIFT_STANDARD_LIBRARIES = YES;
				ASSETCATALOG_COMPILER_APPICON_NAME = AppIcon;
				CODE_SIGN_STYLE = Automatic;
				DEVELOPMENT_TEAM = UYMTCS89FV;
				IBSC_MODULE = WatchUno_WatchKit_Extension;
				INFOPLIST_FILE = "WatchUno WatchKit App/Info.plist";
				PRODUCT_BUNDLE_IDENTIFIER = dev.apjoex.WatchUno.watchkitapp;
				PRODUCT_NAME = WatchUno;
				SDKROOT = watchos;
				SKIP_INSTALL = YES;
				SWIFT_VERSION = 5.0;
				TARGETED_DEVICE_FAMILY = 4;
				WATCHOS_DEPLOYMENT_TARGET = 6.1;
			};
			name = Release;
		};
		AC8027AA23A7AA9D004B97DF /* Debug */ = {
			isa = XCBuildConfiguration;
			buildSettings = {
				CODE_SIGN_STYLE = Automatic;
				CURRENT_PROJECT_VERSION = 1;
				DEVELOPMENT_TEAM = UYMTCS89FV;
				MARKETING_VERSION = 1.0;
				PRODUCT_BUNDLE_IDENTIFIER = dev.apjoex.WatchUno;
				PRODUCT_NAME = "$(TARGET_NAME)";
				SWIFT_VERSION = 5.0;
			};
			name = Debug;
		};
		AC8027AB23A7AA9D004B97DF /* Release */ = {
			isa = XCBuildConfiguration;
			buildSettings = {
				CODE_SIGN_STYLE = Automatic;
				CURRENT_PROJECT_VERSION = 1;
				DEVELOPMENT_TEAM = UYMTCS89FV;
				MARKETING_VERSION = 1.0;
				PRODUCT_BUNDLE_IDENTIFIER = dev.apjoex.WatchUno;
				PRODUCT_NAME = "$(TARGET_NAME)";
				SWIFT_VERSION = 5.0;
			};
			name = Release;
		};
/* End XCBuildConfiguration section */

/* Begin XCConfigurationList section */
		AC80277A23A7AA93004B97DF /* Build configuration list for PBXProject "WatchUno" */ = {
			isa = XCConfigurationList;
			buildConfigurations = (
				AC80279F23A7AA9D004B97DF /* Debug */,
				AC8027A023A7AA9D004B97DF /* Release */,
			);
			defaultConfigurationIsVisible = 0;
			defaultConfigurationName = Release;
		};
		AC8027A123A7AA9D004B97DF /* Build configuration list for PBXNativeTarget "WatchUno WatchKit Extension" */ = {
			isa = XCConfigurationList;
			buildConfigurations = (
				AC8027A223A7AA9D004B97DF /* Debug */,
				AC8027A323A7AA9D004B97DF /* Release */,
			);
			defaultConfigurationIsVisible = 0;
			defaultConfigurationName = Release;
		};
		AC8027A523A7AA9D004B97DF /* Build configuration list for PBXNativeTarget "WatchUno WatchKit App" */ = {
			isa = XCConfigurationList;
			buildConfigurations = (
				AC8027A623A7AA9D004B97DF /* Debug */,
				AC8027A723A7AA9D004B97DF /* Release */,
			);
			defaultConfigurationIsVisible = 0;
			defaultConfigurationName = Release;
		};
		AC8027A923A7AA9D004B97DF /* Build configuration list for PBXNativeTarget "WatchUno" */ = {
			isa = XCConfigurationList;
			buildConfigurations = (
				AC8027AA23A7AA9D004B97DF /* Debug */,
				AC8027AB23A7AA9D004B97DF /* Release */,
			);
			defaultConfigurationIsVisible = 0;
			defaultConfigurationName = Release;
		};
/* End XCConfigurationList section */
	};
	rootObject = AC80277723A7AA93004B97DF /* Project object */;
}
